
Microsoft Visual Studio Solution File, Format Version 12.00
# Visual Studio Version 16
VisualStudioVersion = 16.0.32002.261
MinimumVisualStudioVersion = 10.0.40219.1
Project("{FAE04EC0-301F-11D3-BF4B-00C04F79EFBC}") = "ClientRest_20190140077_Indra Setyo Wibowo", "ClientRest_20190140077_Indra Setyo Wibowo\ClientRest_20190140077_Indra Setyo Wibowo.csproj", "{E80995F6-D50E-49C3-B2E8-04D975CB0C52}"
EndProject
Global
	GlobalSection(SolutionConfigurationPlatforms) = preSolution
		Debug|Any CPU = Debug|Any CPU
		Release|Any CPU = Release|Any CPU
	EndGlobalSection
	GlobalSection(ProjectConfigurationPlatforms) = postSolution
		{E80995F6-D50E-49C3-B2E8-04D975CB0C52}.Debug|Any CPU.ActiveCfg = Debug|Any CPU
		{E80995F6-D50E-49C3-B2E8-04D975CB0C52}.Debug|Any CPU.Build.0 = Debug|Any CPU
		{E80995F6-D50E-49C3-B2E8-04D975CB0C52}.Release|Any CPU.ActiveCfg = Release|Any CPU
		{E80995F6-D50E-49C3-B2E8-04D975CB0C52}.Release|Any CPU.Build.0 = Release|Any CPU
	EndGlobalSection
	GlobalSection(SolutionProperties) = preSolution
		HideSolutionNode = FALSE
	EndGlobalSection
	GlobalSection(ExtensibilityGlobals) = postSolution
		SolutionGuid = {B8350270-4F95-46C2-AADE-E17DE146D092}
	EndGlobalSection
EndGlobal
